// !$*UTF8*$!
{
	archiveVersion = 1;
	classes = {
	};
	objectVersion = 55;
	objects = {

/* Begin PBXBuildFile section */
		293C343B28BFCCBC00BD78DA /* NoteEntity.swift in Sources */ = {isa = PBXBuildFile; fileRef = 293C343928BFCCBC00BD78DA /* NoteEntity.swift */; };
		294D4B5228962E670098A4BE /* Valid User Inputs.swift in Sources */ = {isa = PBXBuildFile; fileRef = 294D4B5128962E670098A4BE /* Valid User Inputs.swift */; };
		294DA83828A0CF9500233775 /* FractionText.swift in Sources */ = {isa = PBXBuildFile; fileRef = 294DA83728A0CF9500233775 /* FractionText.swift */; };
		2970B3662899EC6D00CFA901 /* EditNoteView.swift in Sources */ = {isa = PBXBuildFile; fileRef = 2970B3652899EC6D00CFA901 /* EditNoteView.swift */; };
		298BC28228948F2B00A26F10 /* CreateMuscleGroupView.swift in Sources */ = {isa = PBXBuildFile; fileRef = 298BC28128948F2B00A26F10 /* CreateMuscleGroupView.swift */; };
		298BC28428948F3700A26F10 /* EditMuscleGroupView.swift in Sources */ = {isa = PBXBuildFile; fileRef = 298BC28328948F3700A26F10 /* EditMuscleGroupView.swift */; };
		298CA8912896DE6300234BB5 /* CreateNoteView.swift in Sources */ = {isa = PBXBuildFile; fileRef = 298CA8902896DE6300234BB5 /* CreateNoteView.swift */; };
		29A72A0828B5474A00CDD7F9 /* ExerciseEntity.swift in Sources */ = {isa = PBXBuildFile; fileRef = 29A72A0628B5474A00CDD7F9 /* ExerciseEntity.swift */; };
		29C6E0DE289EE5B600E8B7E3 /* ExerciseDetailView.swift in Sources */ = {isa = PBXBuildFile; fileRef = 29C6E0DD289EE5B600E8B7E3 /* ExerciseDetailView.swift */; };
		29FF07E428938F850035DB45 /* PerfectVolumeApp.swift in Sources */ = {isa = PBXBuildFile; fileRef = 29FF07E328938F850035DB45 /* PerfectVolumeApp.swift */; };
		29FF07E628938F850035DB45 /* MainMenuView.swift in Sources */ = {isa = PBXBuildFile; fileRef = 29FF07E528938F850035DB45 /* MainMenuView.swift */; };
		29FF07E828938F860035DB45 /* Assets.xcassets in Resources */ = {isa = PBXBuildFile; fileRef = 29FF07E728938F860035DB45 /* Assets.xcassets */; };
		29FF07EB28938F860035DB45 /* Preview Assets.xcassets in Resources */ = {isa = PBXBuildFile; fileRef = 29FF07EA28938F860035DB45 /* Preview Assets.xcassets */; };
		29FF07F4289452B30035DB45 /* CoreDataContainer.xcdatamodeld in Sources */ = {isa = PBXBuildFile; fileRef = 29FF07F2289452B30035DB45 /* CoreDataContainer.xcdatamodeld */; };
		29FF07F6289452C60035DB45 /* DataController.swift in Sources */ = {isa = PBXBuildFile; fileRef = 29FF07F5289452C60035DB45 /* DataController.swift */; };
		29FF07F9289457580035DB45 /* MuscleGroupEntity.swift in Sources */ = {isa = PBXBuildFile; fileRef = 29FF07F8289457580035DB45 /* MuscleGroupEntity.swift */; };
/* End PBXBuildFile section */

/* Begin PBXFileReference section */
		293C343928BFCCBC00BD78DA /* NoteEntity.swift */ = {isa = PBXFileReference; lastKnownFileType = sourcecode.swift; path = NoteEntity.swift; sourceTree = "<group>"; };
		294D4B5128962E670098A4BE /* Valid User Inputs.swift */ = {isa = PBXFileReference; lastKnownFileType = sourcecode.swift; path = "Valid User Inputs.swift"; sourceTree = "<group>"; };
		294DA83728A0CF9500233775 /* FractionText.swift */ = {isa = PBXFileReference; lastKnownFileType = sourcecode.swift; path = FractionText.swift; sourceTree = "<group>"; };
		2970B3652899EC6D00CFA901 /* EditNoteView.swift */ = {isa = PBXFileReference; lastKnownFileType = sourcecode.swift; path = EditNoteView.swift; sourceTree = "<group>"; };
		298BC28128948F2B00A26F10 /* CreateMuscleGroupView.swift */ = {isa = PBXFileReference; lastKnownFileType = sourcecode.swift; path = CreateMuscleGroupView.swift; sourceTree = "<group>"; };
		298BC28328948F3700A26F10 /* EditMuscleGroupView.swift */ = {isa = PBXFileReference; lastKnownFileType = sourcecode.swift; path = EditMuscleGroupView.swift; sourceTree = "<group>"; };
		298CA8902896DE6300234BB5 /* CreateNoteView.swift */ = {isa = PBXFileReference; lastKnownFileType = sourcecode.swift; path = CreateNoteView.swift; sourceTree = "<group>"; };
		29A72A0628B5474A00CDD7F9 /* ExerciseEntity.swift */ = {isa = PBXFileReference; lastKnownFileType = sourcecode.swift; path = ExerciseEntity.swift; sourceTree = "<group>"; };
		29C6E0DD289EE5B600E8B7E3 /* ExerciseDetailView.swift */ = {isa = PBXFileReference; lastKnownFileType = sourcecode.swift; path = ExerciseDetailView.swift; sourceTree = "<group>"; };
		29FF07E028938F850035DB45 /* PerfectVolume.app */ = {isa = PBXFileReference; explicitFileType = wrapper.application; includeInIndex = 0; path = PerfectVolume.app; sourceTree = BUILT_PRODUCTS_DIR; };
		29FF07E328938F850035DB45 /* PerfectVolumeApp.swift */ = {isa = PBXFileReference; lastKnownFileType = sourcecode.swift; path = PerfectVolumeApp.swift; sourceTree = "<group>"; };
		29FF07E528938F850035DB45 /* MainMenuView.swift */ = {isa = PBXFileReference; lastKnownFileType = sourcecode.swift; path = MainMenuView.swift; sourceTree = "<group>"; };
		29FF07E728938F860035DB45 /* Assets.xcassets */ = {isa = PBXFileReference; lastKnownFileType = folder.assetcatalog; path = Assets.xcassets; sourceTree = "<group>"; };
		29FF07EA28938F860035DB45 /* Preview Assets.xcassets */ = {isa = PBXFileReference; lastKnownFileType = folder.assetcatalog; path = "Preview Assets.xcassets"; sourceTree = "<group>"; };
		29FF07F3289452B30035DB45 /* CoreDataContainer.xcdatamodel */ = {isa = PBXFileReference; lastKnownFileType = wrapper.xcdatamodel; path = CoreDataContainer.xcdatamodel; sourceTree = "<group>"; };
		29FF07F5289452C60035DB45 /* DataController.swift */ = {isa = PBXFileReference; lastKnownFileType = sourcecode.swift; path = DataController.swift; sourceTree = "<group>"; };
		29FF07F8289457580035DB45 /* MuscleGroupEntity.swift */ = {isa = PBXFileReference; lastKnownFileType = sourcecode.swift; path = MuscleGroupEntity.swift; sourceTree = "<group>"; };
/* End PBXFileReference section */

/* Begin PBXFrameworksBuildPhase section */
		29FF07DD28938F850035DB45 /* Frameworks */ = {
			isa = PBXFrameworksBuildPhase;
			buildActionMask = 2147483647;
			files = (
			);
			runOnlyForDeploymentPostprocessing = 0;
		};
/* End PBXFrameworksBuildPhase section */

/* Begin PBXGroup section */
		294D4B5028962E4F0098A4BE /* Utilities */ = {
			isa = PBXGroup;
			children = (
				294D4B5128962E670098A4BE /* Valid User Inputs.swift */,
				294DA83728A0CF9500233775 /* FractionText.swift */,
			);
			path = Utilities;
			sourceTree = "<group>";
		};
		29FF07D728938F850035DB45 = {
			isa = PBXGroup;
			children = (
				29FF07E328938F850035DB45 /* PerfectVolumeApp.swift */,
				29FF07E228938F850035DB45 /* PerfectVolume */,
				29FF07E128938F850035DB45 /* Products */,
			);
			sourceTree = "<group>";
		};
		29FF07E128938F850035DB45 /* Products */ = {
			isa = PBXGroup;
			children = (
				29FF07E028938F850035DB45 /* PerfectVolume.app */,
			);
			name = Products;
			sourceTree = "<group>";
		};
		29FF07E228938F850035DB45 /* PerfectVolume */ = {
			isa = PBXGroup;
			children = (
				294D4B5028962E4F0098A4BE /* Utilities */,
				29FF07FA28948EBB0035DB45 /* Views */,
				29FF07F7289457410035DB45 /* Models */,
				29FF07F1289452970035DB45 /* DataModel */,
				29FF07E728938F860035DB45 /* Assets.xcassets */,
				29FF07E928938F860035DB45 /* Preview Content */,
			);
			path = PerfectVolume;
			sourceTree = "<group>";
		};
		29FF07E928938F860035DB45 /* Preview Content */ = {
			isa = PBXGroup;
			children = (
				29FF07EA28938F860035DB45 /* Preview Assets.xcassets */,
			);
			path = "Preview Content";
			sourceTree = "<group>";
		};
		29FF07F1289452970035DB45 /* DataModel */ = {
			isa = PBXGroup;
			children = (
				29FF07F2289452B30035DB45 /* CoreDataContainer.xcdatamodeld */,
				29FF07F5289452C60035DB45 /* DataController.swift */,
			);
			path = DataModel;
			sourceTree = "<group>";
		};
		29FF07F7289457410035DB45 /* Models */ = {
			isa = PBXGroup;
			children = (
				29FF07F8289457580035DB45 /* MuscleGroupEntity.swift */,
				29A72A0628B5474A00CDD7F9 /* ExerciseEntity.swift */,
				293C343928BFCCBC00BD78DA /* NoteEntity.swift */,
			);
			path = Models;
			sourceTree = "<group>";
		};
		29FF07FA28948EBB0035DB45 /* Views */ = {
			isa = PBXGroup;
			children = (
				29FF07E528938F850035DB45 /* MainMenuView.swift */,
				298BC28128948F2B00A26F10 /* CreateMuscleGroupView.swift */,
				298BC28328948F3700A26F10 /* EditMuscleGroupView.swift */,
				298CA8902896DE6300234BB5 /* CreateNoteView.swift */,
				2970B3652899EC6D00CFA901 /* EditNoteView.swift */,
				29C6E0DD289EE5B600E8B7E3 /* ExerciseDetailView.swift */,
			);
			path = Views;
			sourceTree = "<group>";
		};
/* End PBXGroup section */

/* Begin PBXNativeTarget section */
		29FF07DF28938F850035DB45 /* PerfectVolume */ = {
			isa = PBXNativeTarget;
			buildConfigurationList = 29FF07EE28938F860035DB45 /* Build configuration list for PBXNativeTarget "PerfectVolume" */;
			buildPhases = (
				29FF07DC28938F850035DB45 /* Sources */,
				29FF07DD28938F850035DB45 /* Frameworks */,
				29FF07DE28938F850035DB45 /* Resources */,
			);
			buildRules = (
			);
			dependencies = (
			);
			name = PerfectVolume;
			productName = PerfectVolume;
			productReference = 29FF07E028938F850035DB45 /* PerfectVolume.app */;
			productType = "com.apple.product-type.application";
		};
/* End PBXNativeTarget section */

/* Begin PBXProject section */
		29FF07D828938F850035DB45 /* Project object */ = {
			isa = PBXProject;
			attributes = {
				BuildIndependentTargetsInParallel = 1;
				LastSwiftUpdateCheck = 1340;
				LastUpgradeCheck = 1340;
				TargetAttributes = {
					29FF07DF28938F850035DB45 = {
						CreatedOnToolsVersion = 13.4.1;
					};
				};
			};
			buildConfigurationList = 29FF07DB28938F850035DB45 /* Build configuration list for PBXProject "PerfectVolume" */;
			compatibilityVersion = "Xcode 13.0";
			developmentRegion = en;
			hasScannedForEncodings = 0;
			knownRegions = (
				en,
				Base,
			);
			mainGroup = 29FF07D728938F850035DB45;
			productRefGroup = 29FF07E128938F850035DB45 /* Products */;
			projectDirPath = "";
			projectRoot = "";
			targets = (
				29FF07DF28938F850035DB45 /* PerfectVolume */,
			);
		};
/* End PBXProject section */

/* Begin PBXResourcesBuildPhase section */
		29FF07DE28938F850035DB45 /* Resources */ = {
			isa = PBXResourcesBuildPhase;
			buildActionMask = 2147483647;
			files = (
				29FF07EB28938F860035DB45 /* Preview Assets.xcassets in Resources */,
				29FF07E828938F860035DB45 /* Assets.xcassets in Resources */,
			);
			runOnlyForDeploymentPostprocessing = 0;
		};
/* End PBXResourcesBuildPhase section */

/* Begin PBXSourcesBuildPhase section */
		29FF07DC28938F850035DB45 /* Sources */ = {
			isa = PBXSourcesBuildPhase;
			buildActionMask = 2147483647;
			files = (
				298BC28428948F3700A26F10 /* EditMuscleGroupView.swift in Sources */,
				29FF07F9289457580035DB45 /* MuscleGroupEntity.swift in Sources */,
				29A72A0828B5474A00CDD7F9 /* ExerciseEntity.swift in Sources */,
				298CA8912896DE6300234BB5 /* CreateNoteView.swift in Sources */,
				294D4B5228962E670098A4BE /* Valid User Inputs.swift in Sources */,
				294DA83828A0CF9500233775 /* FractionText.swift in Sources */,
				29FF07F4289452B30035DB45 /* CoreDataContainer.xcdatamodeld in Sources */,
				29FF07F6289452C60035DB45 /* DataController.swift in Sources */,
				29FF07E628938F850035DB45 /* MainMenuView.swift in Sources */,
				29FF07E428938F850035DB45 /* PerfectVolumeApp.swift in Sources */,
				29C6E0DE289EE5B600E8B7E3 /* ExerciseDetailView.swift in Sources */,
				2970B3662899EC6D00CFA901 /* EditNoteView.swift in Sources */,
				298BC28228948F2B00A26F10 /* CreateMuscleGroupView.swift in Sources */,
				293C343B28BFCCBC00BD78DA /* NoteEntity.swift in Sources */,
			);
			runOnlyForDeploymentPostprocessing = 0;
		};
/* End PBXSourcesBuildPhase section */

/* Begin XCBuildConfiguration section */
		29FF07EC28938F860035DB45 /* Debug */ = {
			isa = XCBuildConfiguration;
			buildSettings = {
				ALWAYS_SEARCH_USER_PATHS = NO;
				CLANG_ANALYZER_NONNULL = YES;
				CLANG_ANALYZER_NUMBER_OBJECT_CONVERSION = YES_AGGRESSIVE;
				CLANG_CXX_LANGUAGE_STANDARD = "gnu++17";
				CLANG_ENABLE_MODULES = YES;
				CLANG_ENABLE_OBJC_ARC = YES;
				CLANG_ENABLE_OBJC_WEAK = YES;
				CLANG_WARN_BLOCK_CAPTURE_AUTORELEASING = YES;
				CLANG_WARN_BOOL_CONVERSION = YES;
				CLANG_WARN_COMMA = YES;
				CLANG_WARN_CONSTANT_CONVERSION = YES;
				CLANG_WARN_DEPRECATED_OBJC_IMPLEMENTATIONS = YES;
				CLANG_WARN_DIRECT_OBJC_ISA_USAGE = YES_ERROR;
				CLANG_WARN_DOCUMENTATION_COMMENTS = YES;
				CLANG_WARN_EMPTY_BODY = YES;
				CLANG_WARN_ENUM_CONVERSION = YES;
				CLANG_WARN_INFINITE_RECURSION = YES;
				CLANG_WARN_INT_CONVERSION = YES;
				CLANG_WARN_NON_LITERAL_NULL_CONVERSION = YES;
				CLANG_WARN_OBJC_IMPLICIT_RETAIN_SELF = YES;
				CLANG_WARN_OBJC_LITERAL_CONVERSION = YES;
				CLANG_WARN_OBJC_ROOT_CLASS = YES_ERROR;
				CLANG_WARN_QUOTED_INCLUDE_IN_FRAMEWORK_HEADER = YES;
				CLANG_WARN_RANGE_LOOP_ANALYSIS = YES;
				CLANG_WARN_STRICT_PROTOTYPES = YES;
				CLANG_WARN_SUSPICIOUS_MOVE = YES;
				CLANG_WARN_UNGUARDED_AVAILABILITY = YES_AGGRESSIVE;
				CLANG_WARN_UNREACHABLE_CODE = YES;
				CLANG_WARN__DUPLICATE_METHOD_MATCH = YES;
				COPY_PHASE_STRIP = NO;
				DEBUG_INFORMATION_FORMAT = dwarf;
				ENABLE_STRICT_OBJC_MSGSEND = YES;
				ENABLE_TESTABILITY = YES;
				GCC_C_LANGUAGE_STANDARD = gnu11;
				GCC_DYNAMIC_NO_PIC = NO;
				GCC_NO_COMMON_BLOCKS = YES;
				GCC_OPTIMIZATION_LEVEL = 0;
				GCC_PREPROCESSOR_DEFINITIONS = (
					"DEBUG=1",
					"$(inherited)",
				);
				GCC_WARN_64_TO_32_BIT_CONVERSION = YES;
				GCC_WARN_ABOUT_RETURN_TYPE = YES_ERROR;
				GCC_WARN_UNDECLARED_SELECTOR = YES;
				GCC_WARN_UNINITIALIZED_AUTOS = YES_AGGRESSIVE;
				GCC_WARN_UNUSED_FUNCTION = YES;
				GCC_WARN_UNUSED_VARIABLE = YES;
				IPHONEOS_DEPLOYMENT_TARGET = 15.5;
				MTL_ENABLE_DEBUG_INFO = INCLUDE_SOURCE;
				MTL_FAST_MATH = YES;
				ONLY_ACTIVE_ARCH = YES;
				SDKROOT = iphoneos;
				SWIFT_ACTIVE_COMPILATION_CONDITIONS = DEBUG;
				SWIFT_OPTIMIZATION_LEVEL = "-Onone";
			};
			name = Debug;
		};
		29FF07ED28938F860035DB45 /* Release */ = {
			isa = XCBuildConfiguration;
			buildSettings = {
				ALWAYS_SEARCH_USER_PATHS = NO;
				CLANG_ANALYZER_NONNULL = YES;
				CLANG_ANALYZER_NUMBER_OBJECT_CONVERSION = YES_AGGRESSIVE;
				CLANG_CXX_LANGUAGE_STANDARD = "gnu++17";
				CLANG_ENABLE_MODULES = YES;
				CLANG_ENABLE_OBJC_ARC = YES;
				CLANG_ENABLE_OBJC_WEAK = YES;
				CLANG_WARN_BLOCK_CAPTURE_AUTORELEASING = YES;
				CLANG_WARN_BOOL_CONVERSION = YES;
				CLANG_WARN_COMMA = YES;
				CLANG_WARN_CONSTANT_CONVERSION = YES;
				CLANG_WARN_DEPRECATED_OBJC_IMPLEMENTATIONS = YES;
				CLANG_WARN_DIRECT_OBJC_ISA_USAGE = YES_ERROR;
				CLANG_WARN_DOCUMENTATION_COMMENTS = YES;
				CLANG_WARN_EMPTY_BODY = YES;
				CLANG_WARN_ENUM_CONVERSION = YES;
				CLANG_WARN_INFINITE_RECURSION = YES;
				CLANG_WARN_INT_CONVERSION = YES;
				CLANG_WARN_NON_LITERAL_NULL_CONVERSION = YES;
				CLANG_WARN_OBJC_IMPLICIT_RETAIN_SELF = YES;
				CLANG_WARN_OBJC_LITERAL_CONVERSION = YES;
				CLANG_WARN_OBJC_ROOT_CLASS = YES_ERROR;
				CLANG_WARN_QUOTED_INCLUDE_IN_FRAMEWORK_HEADER = YES;
				CLANG_WARN_RANGE_LOOP_ANALYSIS = YES;
				CLANG_WARN_STRICT_PROTOTYPES = YES;
				CLANG_WARN_SUSPICIOUS_MOVE = YES;
				CLANG_WARN_UNGUARDED_AVAILABILITY = YES_AGGRESSIVE;
				CLANG_WARN_UNREACHABLE_CODE = YES;
				CLANG_WARN__DUPLICATE_METHOD_MATCH = YES;
				COPY_PHASE_STRIP = NO;
				DEBUG_INFORMATION_FORMAT = "dwarf-with-dsym";
				ENABLE_NS_ASSERTIONS = NO;
				ENABLE_STRICT_OBJC_MSGSEND = YES;
				GCC_C_LANGUAGE_STANDARD = gnu11;
				GCC_NO_COMMON_BLOCKS = YES;
				GCC_WARN_64_TO_32_BIT_CONVERSION = YES;
				GCC_WARN_ABOUT_RETURN_TYPE = YES_ERROR;
				GCC_WARN_UNDECLARED_SELECTOR = YES;
				GCC_WARN_UNINITIALIZED_AUTOS = YES_AGGRESSIVE;
				GCC_WARN_UNUSED_FUNCTION = YES;
				GCC_WARN_UNUSED_VARIABLE = YES;
				IPHONEOS_DEPLOYMENT_TARGET = 15.5;
				MTL_ENABLE_DEBUG_INFO = NO;
				MTL_FAST_MATH = YES;
				SDKROOT = iphoneos;
				SWIFT_COMPILATION_MODE = wholemodule;
				SWIFT_OPTIMIZATION_LEVEL = "-O";
				VALIDATE_PRODUCT = YES;
			};
			name = Release;
		};
		29FF07EF28938F860035DB45 /* Debug */ = {
			isa = XCBuildConfiguration;
			buildSettings = {
				ASSETCATALOG_COMPILER_APPICON_NAME = AppIcon;
				ASSETCATALOG_COMPILER_GLOBAL_ACCENT_COLOR_NAME = AccentColor;
				CODE_SIGN_STYLE = Automatic;
				CURRENT_PROJECT_VERSION = 1;
				DEVELOPMENT_ASSET_PATHS = "\"PerfectVolume/Preview Content\"";
				DEVELOPMENT_TEAM = T429XY6YC9;
				ENABLE_PREVIEWS = YES;
				GENERATE_INFOPLIST_FILE = YES;
				INFOPLIST_KEY_UIApplicationSceneManifest_Generation = YES;
				INFOPLIST_KEY_UIApplicationSupportsIndirectInputEvents = YES;
				INFOPLIST_KEY_UILaunchScreen_Generation = YES;
				INFOPLIST_KEY_UISupportedInterfaceOrientations_iPad = "UIInterfaceOrientationPortrait UIInterfaceOrientationPortraitUpsideDown UIInterfaceOrientationLandscapeLeft UIInterfaceOrientationLandscapeRight";
				INFOPLIST_KEY_UISupportedInterfaceOrientations_iPhone = "UIInterfaceOrientationPortrait UIInterfaceOrientationLandscapeLeft UIInterfaceOrientationLandscapeRight";
				IPHONEOS_DEPLOYMENT_TARGET = 15.5;
				LD_RUNPATH_SEARCH_PATHS = (
					"$(inherited)",
					"@executable_path/Frameworks",
				);
				MARKETING_VERSION = 1.0;
				PRODUCT_BUNDLE_IDENTIFIER = schaubjo.PerfectVolume;
				PRODUCT_NAME = "$(TARGET_NAME)";
				SWIFT_EMIT_LOC_STRINGS = YES;
				SWIFT_VERSION = 5.0;
				TARGETED_DEVICE_FAMILY = "1,2";
			};
			name = Debug;
		};
		29FF07F028938F860035DB45 /* Release */ = {
			isa = XCBuildConfiguration;
			buildSettings = {
				ASSETCATALOG_COMPILER_APPICON_NAME = AppIcon;
				ASSETCATALOG_COMPILER_GLOBAL_ACCENT_COLOR_NAME = AccentColor;
				CODE_SIGN_STYLE = Automatic;
				CURRENT_PROJECT_VERSION = 1;
				DEVELOPMENT_ASSET_PATHS = "\"PerfectVolume/Preview Content\"";
				DEVELOPMENT_TEAM = T429XY6YC9;
				ENABLE_PREVIEWS = YES;
				GENERATE_INFOPLIST_FILE = YES;
				INFOPLIST_KEY_UIApplicationSceneManifest_Generation = YES;
				INFOPLIST_KEY_UIApplicationSupportsIndirectInputEvents = YES;
				INFOPLIST_KEY_UILaunchScreen_Generation = YES;
				INFOPLIST_KEY_UISupportedInterfaceOrientations_iPad = "UIInterfaceOrientationPortrait UIInterfaceOrientationPortraitUpsideDown UIInterfaceOrientationLandscapeLeft UIInterfaceOrientationLandscapeRight";
				INFOPLIST_KEY_UISupportedInterfaceOrientations_iPhone = "UIInterfaceOrientationPortrait UIInterfaceOrientationLandscapeLeft UIInterfaceOrientationLandscapeRight";
				IPHONEOS_DEPLOYMENT_TARGET = 15.5;
				LD_RUNPATH_SEARCH_PATHS = (
					"$(inherited)",
					"@executable_path/Frameworks",
				);
				MARKETING_VERSION = 1.0;
				PRODUCT_BUNDLE_IDENTIFIER = schaubjo.PerfectVolume;
				PRODUCT_NAME = "$(TARGET_NAME)";
				SWIFT_EMIT_LOC_STRINGS = YES;
				SWIFT_VERSION = 5.0;
				TARGETED_DEVICE_FAMILY = "1,2";
			};
			name = Release;
		};
/* End XCBuildConfiguration section */

/* Begin XCConfigurationList section */
		29FF07DB28938F850035DB45 /* Build configuration list for PBXProject "PerfectVolume" */ = {
			isa = XCConfigurationList;
			buildConfigurations = (
				29FF07EC28938F860035DB45 /* Debug */,
				29FF07ED28938F860035DB45 /* Release */,
			);
			defaultConfigurationIsVisible = 0;
			defaultConfigurationName = Release;
		};
		29FF07EE28938F860035DB45 /* Build configuration list for PBXNativeTarget "PerfectVolume" */ = {
			isa = XCConfigurationList;
			buildConfigurations = (
				29FF07EF28938F860035DB45 /* Debug */,
				29FF07F028938F860035DB45 /* Release */,
			);
			defaultConfigurationIsVisible = 0;
			defaultConfigurationName = Release;
		};
/* End XCConfigurationList section */

/* Begin XCVersionGroup section */
		29FF07F2289452B30035DB45 /* CoreDataContainer.xcdatamodeld */ = {
			isa = XCVersionGroup;
			children = (
				29FF07F3289452B30035DB45 /* CoreDataContainer.xcdatamodel */,
			);
			currentVersion = 29FF07F3289452B30035DB45 /* CoreDataContainer.xcdatamodel */;
			path = CoreDataContainer.xcdatamodeld;
			sourceTree = "<group>";
			versionGroupType = wrapper.xcdatamodel;
		};
/* End XCVersionGroup section */
	};
	rootObject = 29FF07D828938F850035DB45 /* Project object */;
}
